
Microsoft Visual Studio Solution File, Format Version 12.00
# Visual Studio Version 17
VisualStudioVersion = 17.1.32210.238
MinimumVisualStudioVersion = 10.0.40219.1
Project("{9A19103F-16F7-4668-BE54-9A1E7A4F7556}") = "TimeOfDayUnitTesting", "TimeOfDayUnitTesting\TimeOfDayUnitTesting.csproj", "{9D99D17D-9085-4AED-8287-37393C61EB9D}"
EndProject
Project("{FAE04EC0-301F-11D3-BF4B-00C04F79EFBC}") = "GreetingsTest", "GreetingsTest\GreetingsTest.csproj", "{7433170C-68B4-4A80-B901-757023EA71D6}"
EndProject
Global
	GlobalSection(SolutionConfigurationPlatforms) = preSolution
		Debug|Any CPU = Debug|Any CPU
		Release|Any CPU = Release|Any CPU
	EndGlobalSection
	GlobalSection(ProjectConfigurationPlatforms) = postSolution
		{9D99D17D-9085-4AED-8287-37393C61EB9D}.Debug|Any CPU.ActiveCfg = Debug|Any CPU
		{9D99D17D-9085-4AED-8287-37393C61EB9D}.Debug|Any CPU.Build.0 = Debug|Any CPU
		{9D99D17D-9085-4AED-8287-37393C61EB9D}.Release|Any CPU.ActiveCfg = Release|Any CPU
		{9D99D17D-9085-4AED-8287-37393C61EB9D}.Release|Any CPU.Build.0 = Release|Any CPU
		{7433170C-68B4-4A80-B901-757023EA71D6}.Debug|Any CPU.ActiveCfg = Debug|Any CPU
		{7433170C-68B4-4A80-B901-757023EA71D6}.Debug|Any CPU.Build.0 = Debug|Any CPU
		{7433170C-68B4-4A80-B901-757023EA71D6}.Release|Any CPU.ActiveCfg = Release|Any CPU
		{7433170C-68B4-4A80-B901-757023EA71D6}.Release|Any CPU.Build.0 = Release|Any CPU
	EndGlobalSection
	GlobalSection(SolutionProperties) = preSolution
		HideSolutionNode = FALSE
	EndGlobalSection
	GlobalSection(ExtensibilityGlobals) = postSolution
		SolutionGuid = {364F0D0B-A04A-4459-9BEE-327AA43E69AE}
	EndGlobalSection
EndGlobal
